// !$*UTF8*$!
{
	archiveVersion = 1;
	classes = {
	};
	objectVersion = 51;
	objects = {

/* Begin PBXBuildFile section */
		7CB11FFC249664BC00FA4EEC /* Weatherutility.swift in Sources */ = {isa = PBXBuildFile; fileRef = 7CB11FFB249664BC00FA4EEC /* Weatherutility.swift */; };
		7CB1200224966CDF00FA4EEC /* UIAlertControllerExtension.swift in Sources */ = {isa = PBXBuildFile; fileRef = 7CB1200124966CDF00FA4EEC /* UIAlertControllerExtension.swift */; };
		7CB6178D249556AA0085180D /* AppDelegate.swift in Sources */ = {isa = PBXBuildFile; fileRef = 7CB6178C249556AA0085180D /* AppDelegate.swift */; };
		7CB6178F249556AA0085180D /* SceneDelegate.swift in Sources */ = {isa = PBXBuildFile; fileRef = 7CB6178E249556AA0085180D /* SceneDelegate.swift */; };
		7CB61791249556AA0085180D /* ContentView.swift in Sources */ = {isa = PBXBuildFile; fileRef = 7CB61790249556AA0085180D /* ContentView.swift */; };
		7CB61793249556B00085180D /* Assets.xcassets in Resources */ = {isa = PBXBuildFile; fileRef = 7CB61792249556B00085180D /* Assets.xcassets */; };
		7CB61796249556B00085180D /* Preview Assets.xcassets in Resources */ = {isa = PBXBuildFile; fileRef = 7CB61795249556B00085180D /* Preview Assets.xcassets */; };
		7CB61799249556B00085180D /* LaunchScreen.storyboard in Resources */ = {isa = PBXBuildFile; fileRef = 7CB61797249556B00085180D /* LaunchScreen.storyboard */; };
		7CB617A1249558340085180D /* WeatherView.swift in Sources */ = {isa = PBXBuildFile; fileRef = 7CB617A0249558340085180D /* WeatherView.swift */; };
		7CB617A3249558420085180D /* GpsView.swift in Sources */ = {isa = PBXBuildFile; fileRef = 7CB617A2249558420085180D /* GpsView.swift */; };
		92C2CEA0D7AF6F71FDA5E359 /* Pods_Weather.framework in Frameworks */ = {isa = PBXBuildFile; fileRef = 2D62BB744A4E334E7CB98045 /* Pods_Weather.framework */; };
/* End PBXBuildFile section */

/* Begin PBXFileReference section */
		2D62BB744A4E334E7CB98045 /* Pods_Weather.framework */ = {isa = PBXFileReference; explicitFileType = wrapper.framework; includeInIndex = 0; path = Pods_Weather.framework; sourceTree = BUILT_PRODUCTS_DIR; };
		7CB11FFB249664BC00FA4EEC /* Weatherutility.swift */ = {isa = PBXFileReference; lastKnownFileType = sourcecode.swift; path = Weatherutility.swift; sourceTree = "<group>"; };
		7CB1200124966CDF00FA4EEC /* UIAlertControllerExtension.swift */ = {isa = PBXFileReference; fileEncoding = 4; lastKnownFileType = sourcecode.swift; path = UIAlertControllerExtension.swift; sourceTree = "<group>"; };
		7CB61789249556AA0085180D /* Weather.app */ = {isa = PBXFileReference; explicitFileType = wrapper.application; includeInIndex = 0; path = Weather.app; sourceTree = BUILT_PRODUCTS_DIR; };
		7CB6178C249556AA0085180D /* AppDelegate.swift */ = {isa = PBXFileReference; lastKnownFileType = sourcecode.swift; path = AppDelegate.swift; sourceTree = "<group>"; };
		7CB6178E249556AA0085180D /* SceneDelegate.swift */ = {isa = PBXFileReference; lastKnownFileType = sourcecode.swift; path = SceneDelegate.swift; sourceTree = "<group>"; };
		7CB61790249556AA0085180D /* ContentView.swift */ = {isa = PBXFileReference; lastKnownFileType = sourcecode.swift; path = ContentView.swift; sourceTree = "<group>"; };
		7CB61792249556B00085180D /* Assets.xcassets */ = {isa = PBXFileReference; lastKnownFileType = folder.assetcatalog; path = Assets.xcassets; sourceTree = "<group>"; };
		7CB61795249556B00085180D /* Preview Assets.xcassets */ = {isa = PBXFileReference; lastKnownFileType = folder.assetcatalog; path = "Preview Assets.xcassets"; sourceTree = "<group>"; };
		7CB61798249556B00085180D /* Base */ = {isa = PBXFileReference; lastKnownFileType = file.storyboard; name = Base; path = Base.lproj/LaunchScreen.storyboard; sourceTree = "<group>"; };
		7CB6179A249556B00085180D /* Info.plist */ = {isa = PBXFileReference; lastKnownFileType = text.plist.xml; path = Info.plist; sourceTree = "<group>"; };
		7CB617A0249558340085180D /* WeatherView.swift */ = {isa = PBXFileReference; lastKnownFileType = sourcecode.swift; path = WeatherView.swift; sourceTree = "<group>"; };
		7CB617A2249558420085180D /* GpsView.swift */ = {isa = PBXFileReference; lastKnownFileType = sourcecode.swift; path = GpsView.swift; sourceTree = "<group>"; };
		9DB110EAF7727E186E9ADDB1 /* Pods-Weather.release.xcconfig */ = {isa = PBXFileReference; includeInIndex = 1; lastKnownFileType = text.xcconfig; name = "Pods-Weather.release.xcconfig"; path = "Target Support Files/Pods-Weather/Pods-Weather.release.xcconfig"; sourceTree = "<group>"; };
		F5CE020D8207701703B8F689 /* Pods-Weather.debug.xcconfig */ = {isa = PBXFileReference; includeInIndex = 1; lastKnownFileType = text.xcconfig; name = "Pods-Weather.debug.xcconfig"; path = "Target Support Files/Pods-Weather/Pods-Weather.debug.xcconfig"; sourceTree = "<group>"; };
/* End PBXFileReference section */

/* Begin PBXFrameworksBuildPhase section */
		7CB61786249556AA0085180D /* Frameworks */ = {
			isa = PBXFrameworksBuildPhase;
			buildActionMask = 2147483647;
			files = (
				92C2CEA0D7AF6F71FDA5E359 /* Pods_Weather.framework in Frameworks */,
			);
			runOnlyForDeploymentPostprocessing = 0;
		};
/* End PBXFrameworksBuildPhase section */

/* Begin PBXGroup section */
		183DF748DC22C79B36C85ACC /* Pods */ = {
			isa = PBXGroup;
			children = (
				F5CE020D8207701703B8F689 /* Pods-Weather.debug.xcconfig */,
				9DB110EAF7727E186E9ADDB1 /* Pods-Weather.release.xcconfig */,
			);
			path = Pods;
			sourceTree = "<group>";
		};
		7CB61780249556AA0085180D = {
			isa = PBXGroup;
			children = (
				7CB6178B249556AA0085180D /* Weather */,
				7CB6178A249556AA0085180D /* Products */,
				183DF748DC22C79B36C85ACC /* Pods */,
				FBF318AECF51256843111CDE /* Frameworks */,
			);
			sourceTree = "<group>";
		};
		7CB6178A249556AA0085180D /* Products */ = {
			isa = PBXGroup;
			children = (
				7CB61789249556AA0085180D /* Weather.app */,
			);
			name = Products;
			sourceTree = "<group>";
		};
		7CB6178B249556AA0085180D /* Weather */ = {
			isa = PBXGroup;
			children = (
				7CB6178C249556AA0085180D /* AppDelegate.swift */,
				7CB6178E249556AA0085180D /* SceneDelegate.swift */,
				7CB61790249556AA0085180D /* ContentView.swift */,
				7CB617A0249558340085180D /* WeatherView.swift */,
				7CB617A2249558420085180D /* GpsView.swift */,
				7CB61792249556B00085180D /* Assets.xcassets */,
				7CB61797249556B00085180D /* LaunchScreen.storyboard */,
				7CB6179A249556B00085180D /* Info.plist */,
				7CB1200124966CDF00FA4EEC /* UIAlertControllerExtension.swift */,
				7CB11FFB249664BC00FA4EEC /* Weatherutility.swift */,
				7CB61794249556B00085180D /* Preview Content */,
			);
			path = Weather;
			sourceTree = "<group>";
		};
		7CB61794249556B00085180D /* Preview Content */ = {
			isa = PBXGroup;
			children = (
				7CB61795249556B00085180D /* Preview Assets.xcassets */,
			);
			path = "Preview Content";
			sourceTree = "<group>";
		};
		FBF318AECF51256843111CDE /* Frameworks */ = {
			isa = PBXGroup;
			children = (
				2D62BB744A4E334E7CB98045 /* Pods_Weather.framework */,
			);
			name = Frameworks;
			sourceTree = "<group>";
		};
/* End PBXGroup section */

/* Begin PBXNativeTarget section */
		7CB61788249556AA0085180D /* Weather */ = {
			isa = PBXNativeTarget;
			buildConfigurationList = 7CB6179D249556B00085180D /* Build configuration list for PBXNativeTarget "Weather" */;
			buildPhases = (
				E03C5F43D3ADF283DA72DA77 /* [CP] Check Pods Manifest.lock */,
				7CB61785249556AA0085180D /* Sources */,
				7CB61786249556AA0085180D /* Frameworks */,
				7CB61787249556AA0085180D /* Resources */,
				2BCB3CACA2D7A6064B240518 /* [CP] Embed Pods Frameworks */,
			);
			buildRules = (
			);
			dependencies = (
			);
			name = Weather;
			productName = Weather;
			productReference = 7CB61789249556AA0085180D /* Weather.app */;
			productType = "com.apple.product-type.application";
		};
/* End PBXNativeTarget section */

/* Begin PBXProject section */
		7CB61781249556AA0085180D /* Project object */ = {
			isa = PBXProject;
			attributes = {
				LastSwiftUpdateCheck = 1150;
				LastUpgradeCheck = 1150;
				ORGANIZATIONNAME = "Sachin Kumar Patra";
				TargetAttributes = {
					7CB61788249556AA0085180D = {
						CreatedOnToolsVersion = 11.5;
					};
				};
			};
			buildConfigurationList = 7CB61784249556AA0085180D /* Build configuration list for PBXProject "Weather" */;
			compatibilityVersion = "Xcode 9.3";
			developmentRegion = en;
			hasScannedForEncodings = 0;
			knownRegions = (
				en,
				Base,
			);
			mainGroup = 7CB61780249556AA0085180D;
			productRefGroup = 7CB6178A249556AA0085180D /* Products */;
			projectDirPath = "";
			projectRoot = "";
			targets = (
				7CB61788249556AA0085180D /* Weather */,
			);
		};
/* End PBXProject section */

/* Begin PBXResourcesBuildPhase section */
		7CB61787249556AA0085180D /* Resources */ = {
			isa = PBXResourcesBuildPhase;
			buildActionMask = 2147483647;
			files = (
				7CB61799249556B00085180D /* LaunchScreen.storyboard in Resources */,
				7CB61796249556B00085180D /* Preview Assets.xcassets in Resources */,
				7CB61793249556B00085180D /* Assets.xcassets in Resources */,
			);
			runOnlyForDeploymentPostprocessing = 0;
		};
/* End PBXResourcesBuildPhase section */

/* Begin PBXShellScriptBuildPhase section */
		2BCB3CACA2D7A6064B240518 /* [CP] Embed Pods Frameworks */ = {
			isa = PBXShellScriptBuildPhase;
			buildActionMask = 2147483647;
			files = (
			);
			inputFileListPaths = (
				"${PODS_ROOT}/Target Support Files/Pods-Weather/Pods-Weather-frameworks-${CONFIGURATION}-input-files.xcfilelist",
			);
			name = "[CP] Embed Pods Frameworks";
			outputFileListPaths = (
				"${PODS_ROOT}/Target Support Files/Pods-Weather/Pods-Weather-frameworks-${CONFIGURATION}-output-files.xcfilelist",
			);
			runOnlyForDeploymentPostprocessing = 0;
			shellPath = /bin/sh;
			shellScript = "\"${PODS_ROOT}/Target Support Files/Pods-Weather/Pods-Weather-frameworks.sh\"\n";
			showEnvVarsInLog = 0;
		};
		E03C5F43D3ADF283DA72DA77 /* [CP] Check Pods Manifest.lock */ = {
			isa = PBXShellScriptBuildPhase;
			buildActionMask = 2147483647;
			files = (
			);
			inputFileListPaths = (
			);
			inputPaths = (
				"${PODS_PODFILE_DIR_PATH}/Podfile.lock",
				"${PODS_ROOT}/Manifest.lock",
			);
			name = "[CP] Check Pods Manifest.lock";
			outputFileListPaths = (
			);
			outputPaths = (
				"$(DERIVED_FILE_DIR)/Pods-Weather-checkManifestLockResult.txt",
			);
			runOnlyForDeploymentPostprocessing = 0;
			shellPath = /bin/sh;
			shellScript = "diff \"${PODS_PODFILE_DIR_PATH}/Podfile.lock\" \"${PODS_ROOT}/Manifest.lock\" > /dev/null\nif [ $? != 0 ] ; then\n    # print error to STDERR\n    echo \"error: The sandbox is not in sync with the Podfile.lock. Run 'pod install' or update your CocoaPods installation.\" >&2\n    exit 1\nfi\n# This output is used by Xcode 'outputs' to avoid re-running this script phase.\necho \"SUCCESS\" > \"${SCRIPT_OUTPUT_FILE_0}\"\n";
			showEnvVarsInLog = 0;
		};
/* End PBXShellScriptBuildPhase section */

/* Begin PBXSourcesBuildPhase section */
		7CB61785249556AA0085180D /* Sources */ = {
			isa = PBXSourcesBuildPhase;
			buildActionMask = 2147483647;
			files = (
				7CB6178D249556AA0085180D /* AppDelegate.swift in Sources */,
				7CB11FFC249664BC00FA4EEC /* Weatherutility.swift in Sources */,
				7CB6178F249556AA0085180D /* SceneDelegate.swift in Sources */,
				7CB61791249556AA0085180D /* ContentView.swift in Sources */,
				7CB1200224966CDF00FA4EEC /* UIAlertControllerExtension.swift in Sources */,
				7CB617A1249558340085180D /* WeatherView.swift in Sources */,
				7CB617A3249558420085180D /* GpsView.swift in Sources */,
			);
			runOnlyForDeploymentPostprocessing = 0;
		};
/* End PBXSourcesBuildPhase section */

/* Begin PBXVariantGroup section */
		7CB61797249556B00085180D /* LaunchScreen.storyboard */ = {
			isa = PBXVariantGroup;
			children = (
				7CB61798249556B00085180D /* Base */,
			);
			name = LaunchScreen.storyboard;
			sourceTree = "<group>";
		};
/* End PBXVariantGroup section */

/* Begin XCBuildConfiguration section */
		7CB6179B249556B00085180D /* Debug */ = {
			isa = XCBuildConfiguration;
			buildSettings = {
				ALWAYS_SEARCH_USER_PATHS = NO;
				CLANG_ANALYZER_NONNULL = YES;
				CLANG_ANALYZER_NUMBER_OBJECT_CONVERSION = YES_AGGRESSIVE;
				CLANG_CXX_LANGUAGE_STANDARD = "gnu++14";
				CLANG_CXX_LIBRARY = "libc++";
				CLANG_ENABLE_MODULES = YES;
				CLANG_ENABLE_OBJC_ARC = YES;
				CLANG_ENABLE_OBJC_WEAK = YES;
				CLANG_WARN_BLOCK_CAPTURE_AUTORELEASING = YES;
				CLANG_WARN_BOOL_CONVERSION = YES;
				CLANG_WARN_COMMA = YES;
				CLANG_WARN_CONSTANT_CONVERSION = YES;
				CLANG_WARN_DEPRECATED_OBJC_IMPLEMENTATIONS = YES;
				CLANG_WARN_DIRECT_OBJC_ISA_USAGE = YES_ERROR;
				CLANG_WARN_DOCUMENTATION_COMMENTS = YES;
				CLANG_WARN_EMPTY_BODY = YES;
				CLANG_WARN_ENUM_CONVERSION = YES;
				CLANG_WARN_INFINITE_RECURSION = YES;
				CLANG_WARN_INT_CONVERSION = YES;
				CLANG_WARN_NON_LITERAL_NULL_CONVERSION = YES;
				CLANG_WARN_OBJC_IMPLICIT_RETAIN_SELF = YES;
				CLANG_WARN_OBJC_LITERAL_CONVERSION = YES;
				CLANG_WARN_OBJC_ROOT_CLASS = YES_ERROR;
				CLANG_WARN_RANGE_LOOP_ANALYSIS = YES;
				CLANG_WARN_STRICT_PROTOTYPES = YES;
				CLANG_WARN_SUSPICIOUS_MOVE = YES;
				CLANG_WARN_UNGUARDED_AVAILABILITY = YES_AGGRESSIVE;
				CLANG_WARN_UNREACHABLE_CODE = YES;
				CLANG_WARN__DUPLICATE_METHOD_MATCH = YES;
				COPY_PHASE_STRIP = NO;
				DEBUG_INFORMATION_FORMAT = dwarf;
				ENABLE_STRICT_OBJC_MSGSEND = YES;
				ENABLE_TESTABILITY = YES;
				GCC_C_LANGUAGE_STANDARD = gnu11;
				GCC_DYNAMIC_NO_PIC = NO;
				GCC_NO_COMMON_BLOCKS = YES;
				GCC_OPTIMIZATION_LEVEL = 0;
				GCC_PREPROCESSOR_DEFINITIONS = (
					"DEBUG=1",
					"$(inherited)",
				);
				GCC_WARN_64_TO_32_BIT_CONVERSION = YES;
				GCC_WARN_ABOUT_RETURN_TYPE = YES_ERROR;
				GCC_WARN_UNDECLARED_SELECTOR = YES;
				GCC_WARN_UNINITIALIZED_AUTOS = YES_AGGRESSIVE;
				GCC_WARN_UNUSED_FUNCTION = YES;
				GCC_WARN_UNUSED_VARIABLE = YES;
				IPHONEOS_DEPLOYMENT_TARGET = 13.5;
				MTL_ENABLE_DEBUG_INFO = INCLUDE_SOURCE;
				MTL_FAST_MATH = YES;
				ONLY_ACTIVE_ARCH = YES;
				SDKROOT = iphoneos;
				SWIFT_ACTIVE_COMPILATION_CONDITIONS = DEBUG;
				SWIFT_OPTIMIZATION_LEVEL = "-Onone";
			};
			name = Debug;
		};
		7CB6179C249556B00085180D /* Release */ = {
			isa = XCBuildConfiguration;
			buildSettings = {
				ALWAYS_SEARCH_USER_PATHS = NO;
				CLANG_ANALYZER_NONNULL = YES;
				CLANG_ANALYZER_NUMBER_OBJECT_CONVERSION = YES_AGGRESSIVE;
				CLANG_CXX_LANGUAGE_STANDARD = "gnu++14";
				CLANG_CXX_LIBRARY = "libc++";
				CLANG_ENABLE_MODULES = YES;
				CLANG_ENABLE_OBJC_ARC = YES;
				CLANG_ENABLE_OBJC_WEAK = YES;
				CLANG_WARN_BLOCK_CAPTURE_AUTORELEASING = YES;
				CLANG_WARN_BOOL_CONVERSION = YES;
				CLANG_WARN_COMMA = YES;
				CLANG_WARN_CONSTANT_CONVERSION = YES;
				CLANG_WARN_DEPRECATED_OBJC_IMPLEMENTATIONS = YES;
				CLANG_WARN_DIRECT_OBJC_ISA_USAGE = YES_ERROR;
				CLANG_WARN_DOCUMENTATION_COMMENTS = YES;
				CLANG_WARN_EMPTY_BODY = YES;
				CLANG_WARN_ENUM_CONVERSION = YES;
				CLANG_WARN_INFINITE_RECURSION = YES;
				CLANG_WARN_INT_CONVERSION = YES;
				CLANG_WARN_NON_LITERAL_NULL_CONVERSION = YES;
				CLANG_WARN_OBJC_IMPLICIT_RETAIN_SELF = YES;
				CLANG_WARN_OBJC_LITERAL_CONVERSION = YES;
				CLANG_WARN_OBJC_ROOT_CLASS = YES_ERROR;
				CLANG_WARN_RANGE_LOOP_ANALYSIS = YES;
				CLANG_WARN_STRICT_PROTOTYPES = YES;
				CLANG_WARN_SUSPICIOUS_MOVE = YES;
				CLANG_WARN_UNGUARDED_AVAILABILITY = YES_AGGRESSIVE;
				CLANG_WARN_UNREACHABLE_CODE = YES;
				CLANG_WARN__DUPLICATE_METHOD_MATCH = YES;
				COPY_PHASE_STRIP = NO;
				DEBUG_INFORMATION_FORMAT = "dwarf-with-dsym";
				ENABLE_NS_ASSERTIONS = NO;
				ENABLE_STRICT_OBJC_MSGSEND = YES;
				GCC_C_LANGUAGE_STANDARD = gnu11;
				GCC_NO_COMMON_BLOCKS = YES;
				GCC_WARN_64_TO_32_BIT_CONVERSION = YES;
				GCC_WARN_ABOUT_RETURN_TYPE = YES_ERROR;
				GCC_WARN_UNDECLARED_SELECTOR = YES;
				GCC_WARN_UNINITIALIZED_AUTOS = YES_AGGRESSIVE;
				GCC_WARN_UNUSED_FUNCTION = YES;
				GCC_WARN_UNUSED_VARIABLE = YES;
				IPHONEOS_DEPLOYMENT_TARGET = 13.5;
				MTL_ENABLE_DEBUG_INFO = NO;
				MTL_FAST_MATH = YES;
				SDKROOT = iphoneos;
				SWIFT_COMPILATION_MODE = wholemodule;
				SWIFT_OPTIMIZATION_LEVEL = "-O";
				VALIDATE_PRODUCT = YES;
			};
			name = Release;
		};
		7CB6179E249556B00085180D /* Debug */ = {
			isa = XCBuildConfiguration;
			baseConfigurationReference = F5CE020D8207701703B8F689 /* Pods-Weather.debug.xcconfig */;
			buildSettings = {
				ASSETCATALOG_COMPILER_APPICON_NAME = AppIcon;
				CODE_SIGN_STYLE = Automatic;
				DEVELOPMENT_ASSET_PATHS = "\"Weather/Preview Content\"";
				DEVELOPMENT_TEAM = DWSYH823M3;
				ENABLE_PREVIEWS = YES;
				INFOPLIST_FILE = Weather/Info.plist;
				IPHONEOS_DEPLOYMENT_TARGET = 13.4;
				LD_RUNPATH_SEARCH_PATHS = (
					"$(inherited)",
					"@executable_path/Frameworks",
				);
				PRODUCT_BUNDLE_IDENTIFIER = com.kirusa.Weather;
				PRODUCT_NAME = "$(TARGET_NAME)";
				SWIFT_VERSION = 5.0;
				TARGETED_DEVICE_FAMILY = 1;
			};
			name = Debug;
		};
		7CB6179F249556B00085180D /* Release */ = {
			isa = XCBuildConfiguration;
			baseConfigurationReference = 9DB110EAF7727E186E9ADDB1 /* Pods-Weather.release.xcconfig */;
			buildSettings = {
				ASSETCATALOG_COMPILER_APPICON_NAME = AppIcon;
				CODE_SIGN_STYLE = Automatic;
				DEVELOPMENT_ASSET_PATHS = "\"Weather/Preview Content\"";
				DEVELOPMENT_TEAM = DWSYH823M3;
				ENABLE_PREVIEWS = YES;
				INFOPLIST_FILE = Weather/Info.plist;
				IPHONEOS_DEPLOYMENT_TARGET = 13.4;
				LD_RUNPATH_SEARCH_PATHS = (
					"$(inherited)",
					"@executable_path/Frameworks",
				);
				PRODUCT_BUNDLE_IDENTIFIER = com.kirusa.Weather;
				PRODUCT_NAME = "$(TARGET_NAME)";
				SWIFT_VERSION = 5.0;
				TARGETED_DEVICE_FAMILY = 1;
			};
			name = Release;
		};
/* End XCBuildConfiguration section */

/* Begin XCConfigurationList section */
		7CB61784249556AA0085180D /* Build configuration list for PBXProject "Weather" */ = {
			isa = XCConfigurationList;
			buildConfigurations = (
				7CB6179B249556B00085180D /* Debug */,
				7CB6179C249556B00085180D /* Release */,
			);
			defaultConfigurationIsVisible = 0;
			defaultConfigurationName = Release;
		};
		7CB6179D249556B00085180D /* Build configuration list for PBXNativeTarget "Weather" */ = {
			isa = XCConfigurationList;
			buildConfigurations = (
				7CB6179E249556B00085180D /* Debug */,
				7CB6179F249556B00085180D /* Release */,
			);
			defaultConfigurationIsVisible = 0;
			defaultConfigurationName = Release;
		};
/* End XCConfigurationList section */
	};
	rootObject = 7CB61781249556AA0085180D /* Project object */;
}
